// !$*UTF8*$!
{
	archiveVersion = 1;
	classes = {
	};
	objectVersion = 77;
	objects = {

/* Begin PBXBuildFile section */
		106FF522EFC1F38FC8EFBE4E /* MapFeedView.swift in Sources */ = {isa = PBXBuildFile; fileRef = 3C9AD053305991A9390867F2 /* MapFeedView.swift */; };
		1993897545798AB42ABED4B0 /* Assets.xcassets in Resources */ = {isa = PBXBuildFile; fileRef = 269A9E80B87E44BA617ABC0D /* Assets.xcassets */; };
		1C8A75560FA5724D4B2FDADE /* FeedViewModel.swift in Sources */ = {isa = PBXBuildFile; fileRef = 1DFC7619A5884F9B97D38A96 /* FeedViewModel.swift */; };
		3A5FAD475A52D8BC8A86FD67 /* UserLocationManager.swift in Sources */ = {isa = PBXBuildFile; fileRef = 770E037D2A141A178276DB57 /* UserLocationManager.swift */; };
		3B9D9C98E3F91104D65A890D /* LoginView.swift in Sources */ = {isa = PBXBuildFile; fileRef = B7E0FCB47A55D55BBA048109 /* LoginView.swift */; };
		3CBA481DE1662E4CA5E46E5C /* NewPostView.swift in Sources */ = {isa = PBXBuildFile; fileRef = 759C077ED260960D2113749E /* NewPostView.swift */; };
		3D4E5F60718293A4B5C6D7E8 /* AccountMenuButton.swift in Sources */ = {isa = PBXBuildFile; fileRef = 4E5F60718293A4B5C6D7E8F9 /* AccountMenuButton.swift */; };
		3E8FA09A79296FD488D8E734 /* ChatView.swift in Sources */ = {isa = PBXBuildFile; fileRef = C5A3C11C905D8D879A6462C6 /* ChatView.swift */; };
		42DD87C45272A5156B3AB1AD /* SessionStore.swift in Sources */ = {isa = PBXBuildFile; fileRef = 8E5E5F5604E738CC6CB68CE7 /* SessionStore.swift */; };
		5B38E3429F9B0CCA32DE4951 /* ChatViewModel.swift in Sources */ = {isa = PBXBuildFile; fileRef = C03385AD637416062FCF000E /* ChatViewModel.swift */; };
		62856BA206121F8A9264F0F0 /* ChatThreadView.swift in Sources */ = {isa = PBXBuildFile; fileRef = A79859C361B2EFA9A1141E7F /* ChatThreadView.swift */; };
		6F4FD44C09E5EC7F711EB1F9 /* PushNotificationManager.swift in Sources */ = {isa = PBXBuildFile; fileRef = 2D021C17C055DFBA2E76DAC8 /* PushNotificationManager.swift */; };
		739D028B6F301E0299BADBED /* SensorDashboardView.swift in Sources */ = {isa = PBXBuildFile; fileRef = C9D712060AB07E2C155FD87F /* SensorDashboardView.swift */; };
		8C1A2B3C4D5E6F708192A3B4 /* NotesView.swift in Sources */ = {isa = PBXBuildFile; fileRef = 9D2E3F405162738495A6B7C8 /* NotesView.swift */; };
		A4B1C2D3E4F506172839405A /* NotificationSettingsView.swift in Sources */ = {isa = PBXBuildFile; fileRef = B5C6D7E8F90123456789A0B1 /* NotificationSettingsView.swift */; };
		AD9ED162E1F7F21D544513CD /* FeedView.swift in Sources */ = {isa = PBXBuildFile; fileRef = BDC4BD82888633215B07B2A7 /* FeedView.swift */; };
		B830E3AB16B56BE3721B5DE0 /* PostDetailView.swift in Sources */ = {isa = PBXBuildFile; fileRef = 6A888FAD16E4369D43BC994F /* PostDetailView.swift */; };
		BE32AE3EA30923DF043F2EEA /* APIClient.swift in Sources */ = {isa = PBXBuildFile; fileRef = FC43643482121E88359B31BF /* APIClient.swift */; };
		D4C2F86EAFEAA05A8E43F9DA /* FarmConnectApp.swift in Sources */ = {isa = PBXBuildFile; fileRef = 291036E2F2D5AB55607DA4D6 /* FarmConnectApp.swift */; };
		E1C00A9B32119819F938D53F /* DomainModels.swift in Sources */ = {isa = PBXBuildFile; fileRef = E00A5CBC466AA00FCCA3BF50 /* DomainModels.swift */; };
		E7292CC73D449EC8B24621AA /* SensorViewModel.swift in Sources */ = {isa = PBXBuildFile; fileRef = 3117FAD7A857F17CAF3990DE /* SensorViewModel.swift */; };
		EF834883A902B1EC0A89FABC /* RootTabView.swift in Sources */ = {isa = PBXBuildFile; fileRef = C1188FF971B4192ACB1F07E9 /* RootTabView.swift */; };
		BB11AAAAAAAAAAAA00000001 /* CategoryStyle.swift in Sources */ = {isa = PBXBuildFile; fileRef = FA11AAAAAAAAAAAA00000001 /* CategoryStyle.swift */; };
		BB11BBBBBBBBBBBB00000002 /* ErrorHelpers.swift in Sources */ = {isa = PBXBuildFile; fileRef = FA11BBBBBBBBBBBB00000002 /* ErrorHelpers.swift */; };
		BB11CCCCCCCCCCCC00000003 /* PostCardRow.swift in Sources */ = {isa = PBXBuildFile; fileRef = FA11CCCCCCCCCCCC00000003 /* PostCardRow.swift */; };
		BB11DDDDDDDDDDDD00000004 /* TimeFormatting.swift in Sources */ = {isa = PBXBuildFile; fileRef = FA11DDDDDDDDDDDD00000004 /* TimeFormatting.swift */; };
		DD11AAAAAAAAAAAA00000001 /* VineyardDemoModels.swift in Sources */ = {isa = PBXBuildFile; fileRef = FA22AAAAAAAAAAAA00000001 /* VineyardDemoModels.swift */; };
		DD11BBBBBBBBBBBB00000002 /* VineyardDemoData.swift in Sources */ = {isa = PBXBuildFile; fileRef = FA22BBBBBBBBBBBB00000002 /* VineyardDemoData.swift */; };
		DD11CCCCCCCCCCCC00000003 /* VineyardHealthMapView.swift in Sources */ = {isa = PBXBuildFile; fileRef = FA22CCCCCCCCCCCC00000003 /* VineyardHealthMapView.swift */; };
		DD11DDDDDDDDDDDD00000004 /* CanopySensorReadingsView.swift in Sources */ = {isa = PBXBuildFile; fileRef = FA22DDDDDDDDDDDD00000004 /* CanopySensorReadingsView.swift */; };
		DD11EEEEEEEEEEEE00000005 /* VineyardInsightsPanel.swift in Sources */ = {isa = PBXBuildFile; fileRef = FA22EEEEEEEEEEEE00000005 /* VineyardInsightsPanel.swift */; };
/* End PBXBuildFile section */

/* Begin PBXFileReference section */
		1DFC7619A5884F9B97D38A96 /* FeedViewModel.swift */ = {isa = PBXFileReference; lastKnownFileType = sourcecode.swift; path = FeedViewModel.swift; sourceTree = "<group>"; };
		269A9E80B87E44BA617ABC0D /* Assets.xcassets */ = {isa = PBXFileReference; lastKnownFileType = folder.assetcatalog; path = Assets.xcassets; sourceTree = "<group>"; };
		291036E2F2D5AB55607DA4D6 /* FarmConnectApp.swift */ = {isa = PBXFileReference; lastKnownFileType = sourcecode.swift; path = FarmConnectApp.swift; sourceTree = "<group>"; };
		2D021C17C055DFBA2E76DAC8 /* PushNotificationManager.swift */ = {isa = PBXFileReference; lastKnownFileType = sourcecode.swift; path = PushNotificationManager.swift; sourceTree = "<group>"; };
		3117FAD7A857F17CAF3990DE /* SensorViewModel.swift */ = {isa = PBXFileReference; lastKnownFileType = sourcecode.swift; path = SensorViewModel.swift; sourceTree = "<group>"; };
		35D68ED7ECA81DA6C897D0D6 /* Info.plist */ = {isa = PBXFileReference; lastKnownFileType = text.plist; path = Info.plist; sourceTree = "<group>"; };
		39A39F3D4BBE30A968BE4622 /* FarmConnect.entitlements */ = {isa = PBXFileReference; lastKnownFileType = text.plist.entitlements; path = FarmConnect.entitlements; sourceTree = "<group>"; };
		3C9AD053305991A9390867F2 /* MapFeedView.swift */ = {isa = PBXFileReference; lastKnownFileType = sourcecode.swift; path = MapFeedView.swift; sourceTree = "<group>"; };
		4E5F60718293A4B5C6D7E8F9 /* AccountMenuButton.swift */ = {isa = PBXFileReference; lastKnownFileType = sourcecode.swift; path = AccountMenuButton.swift; sourceTree = "<group>"; };
		6A888FAD16E4369D43BC994F /* PostDetailView.swift */ = {isa = PBXFileReference; lastKnownFileType = sourcecode.swift; path = PostDetailView.swift; sourceTree = "<group>"; };
		759C077ED260960D2113749E /* NewPostView.swift */ = {isa = PBXFileReference; lastKnownFileType = sourcecode.swift; path = NewPostView.swift; sourceTree = "<group>"; };
		770E037D2A141A178276DB57 /* UserLocationManager.swift */ = {isa = PBXFileReference; lastKnownFileType = sourcecode.swift; path = UserLocationManager.swift; sourceTree = "<group>"; };
		8E5E5F5604E738CC6CB68CE7 /* SessionStore.swift */ = {isa = PBXFileReference; lastKnownFileType = sourcecode.swift; path = SessionStore.swift; sourceTree = "<group>"; };
		9D2E3F405162738495A6B7C8 /* NotesView.swift */ = {isa = PBXFileReference; lastKnownFileType = sourcecode.swift; path = NotesView.swift; sourceTree = "<group>"; };
		9ED6684CEB63217A5CD70268 /* FarmConnect.app */ = {isa = PBXFileReference; explicitFileType = wrapper.application; includeInIndex = 0; path = FarmConnect.app; sourceTree = BUILT_PRODUCTS_DIR; };
		A79859C361B2EFA9A1141E7F /* ChatThreadView.swift */ = {isa = PBXFileReference; lastKnownFileType = sourcecode.swift; path = ChatThreadView.swift; sourceTree = "<group>"; };
		B5C6D7E8F90123456789A0B1 /* NotificationSettingsView.swift */ = {isa = PBXFileReference; lastKnownFileType = sourcecode.swift; path = NotificationSettingsView.swift; sourceTree = "<group>"; };
		B7E0FCB47A55D55BBA048109 /* LoginView.swift */ = {isa = PBXFileReference; lastKnownFileType = sourcecode.swift; path = LoginView.swift; sourceTree = "<group>"; };
		BDC4BD82888633215B07B2A7 /* FeedView.swift */ = {isa = PBXFileReference; lastKnownFileType = sourcecode.swift; path = FeedView.swift; sourceTree = "<group>"; };
		C03385AD637416062FCF000E /* ChatViewModel.swift */ = {isa = PBXFileReference; lastKnownFileType = sourcecode.swift; path = ChatViewModel.swift; sourceTree = "<group>"; };
		C1188FF971B4192ACB1F07E9 /* RootTabView.swift */ = {isa = PBXFileReference; lastKnownFileType = sourcecode.swift; path = RootTabView.swift; sourceTree = "<group>"; };
		C5A3C11C905D8D879A6462C6 /* ChatView.swift */ = {isa = PBXFileReference; lastKnownFileType = sourcecode.swift; path = ChatView.swift; sourceTree = "<group>"; };
		C9D712060AB07E2C155FD87F /* SensorDashboardView.swift */ = {isa = PBXFileReference; lastKnownFileType = sourcecode.swift; path = SensorDashboardView.swift; sourceTree = "<group>"; };
		E00A5CBC466AA00FCCA3BF50 /* DomainModels.swift */ = {isa = PBXFileReference; lastKnownFileType = sourcecode.swift; path = DomainModels.swift; sourceTree = "<group>"; };
		FC43643482121E88359B31BF /* APIClient.swift */ = {isa = PBXFileReference; lastKnownFileType = sourcecode.swift; path = APIClient.swift; sourceTree = "<group>"; };
		FA11AAAAAAAAAAAA00000001 /* CategoryStyle.swift */ = {isa = PBXFileReference; lastKnownFileType = sourcecode.swift; path = CategoryStyle.swift; sourceTree = "<group>"; };
		FA11BBBBBBBBBBBB00000002 /* ErrorHelpers.swift */ = {isa = PBXFileReference; lastKnownFileType = sourcecode.swift; path = ErrorHelpers.swift; sourceTree = "<group>"; };
		FA11CCCCCCCCCCCC00000003 /* PostCardRow.swift */ = {isa = PBXFileReference; lastKnownFileType = sourcecode.swift; path = PostCardRow.swift; sourceTree = "<group>"; };
		FA11DDDDDDDDDDDD00000004 /* TimeFormatting.swift */ = {isa = PBXFileReference; lastKnownFileType = sourcecode.swift; path = TimeFormatting.swift; sourceTree = "<group>"; };
		FA22AAAAAAAAAAAA00000001 /* VineyardDemoModels.swift */ = {isa = PBXFileReference; lastKnownFileType = sourcecode.swift; path = VineyardDemoModels.swift; sourceTree = "<group>"; };
		FA22BBBBBBBBBBBB00000002 /* VineyardDemoData.swift */ = {isa = PBXFileReference; lastKnownFileType = sourcecode.swift; path = VineyardDemoData.swift; sourceTree = "<group>"; };
		FA22CCCCCCCCCCCC00000003 /* VineyardHealthMapView.swift */ = {isa = PBXFileReference; lastKnownFileType = sourcecode.swift; path = VineyardHealthMapView.swift; sourceTree = "<group>"; };
		FA22DDDDDDDDDDDD00000004 /* CanopySensorReadingsView.swift */ = {isa = PBXFileReference; lastKnownFileType = sourcecode.swift; path = CanopySensorReadingsView.swift; sourceTree = "<group>"; };
		FA22EEEEEEEEEEEE00000005 /* VineyardInsightsPanel.swift */ = {isa = PBXFileReference; lastKnownFileType = sourcecode.swift; path = VineyardInsightsPanel.swift; sourceTree = "<group>"; };
/* End PBXFileReference section */

/* Begin PBXGroup section */
		1664E1D30A49913DFDC7FE6F = {
			isa = PBXGroup;
			children = (
				250ACD424D6736DD12482FCE /* FarmConnect */,
				C8C3A3E8A037821420778A02 /* Products */,
			);
			sourceTree = "<group>";
		};
		250ACD424D6736DD12482FCE /* FarmConnect */ = {
			isa = PBXGroup;
			children = (
				269A9E80B87E44BA617ABC0D /* Assets.xcassets */,
				39A39F3D4BBE30A968BE4622 /* FarmConnect.entitlements */,
				35D68ED7ECA81DA6C897D0D6 /* Info.plist */,
				CC9947BCBC66B5F5AC75A246 /* App */,
				DEMOGRP0000000000000001 /* Demo */,
				C14A69201840CCB750FCEFD8 /* Models */,
				E0CB9F2344C3A33B40DA11BF /* Networking */,
				646181D2DC076639E15B15B9 /* Services */,
				D56BE55B5B683627AC772E40 /* ViewModels */,
				5FD1B9BF62152DBE1B922225 /* Views */,
			);
			path = FarmConnect;
			sourceTree = "<group>";
		};
		335D0C7CD9BCDA17E682FBBC /* Chat */ = {
			isa = PBXGroup;
			children = (
				A79859C361B2EFA9A1141E7F /* ChatThreadView.swift */,
				C5A3C11C905D8D879A6462C6 /* ChatView.swift */,
			);
			path = Chat;
			sourceTree = "<group>";
		};
		33C96ADFFC67303EFEAD4EC5 /* Auth */ = {
			isa = PBXGroup;
			children = (
				B7E0FCB47A55D55BBA048109 /* LoginView.swift */,
			);
			path = Auth;
			sourceTree = "<group>";
		};
		4BDE7D7DF224C7BEC1F2F688 /* Map */ = {
			isa = PBXGroup;
			children = (
				3C9AD053305991A9390867F2 /* MapFeedView.swift */,
			);
			path = Map;
			sourceTree = "<group>";
		};
		5FD1B9BF62152DBE1B922225 /* Views */ = {
			isa = PBXGroup;
			children = (
				D7E8F90123456789A0B1C2D3 /* Common */,
				33C96ADFFC67303EFEAD4EC5 /* Auth */,
				335D0C7CD9BCDA17E682FBBC /* Chat */,
				92591D50B82390FA53940B77 /* Feed */,
				4BDE7D7DF224C7BEC1F2F688 /* Map */,
				A1B2C3D4E5F60718293A4B5C /* Notes */,
				6848A38861F1A07AE1629743 /* Post */,
				816996408A074CB67376E5AA /* Sensors */,
				C6D7E8F90123456789A0B1C2 /* Settings */,
			);
			path = Views;
			sourceTree = "<group>";
		};
		D7E8F90123456789A0B1C2D3 /* Common */ = {
			isa = PBXGroup;
			children = (
				4E5F60718293A4B5C6D7E8F9 /* AccountMenuButton.swift */,
				FA11AAAAAAAAAAAA00000001 /* CategoryStyle.swift */,
				FA11BBBBBBBBBBBB00000002 /* ErrorHelpers.swift */,
				FA11CCCCCCCCCCCC00000003 /* PostCardRow.swift */,
				FA11DDDDDDDDDDDD00000004 /* TimeFormatting.swift */,
			);
			path = Common;
			sourceTree = "<group>";
		};
		646181D2DC076639E15B15B9 /* Services */ = {
			isa = PBXGroup;
			children = (
				2D021C17C055DFBA2E76DAC8 /* PushNotificationManager.swift */,
				770E037D2A141A178276DB57 /* UserLocationManager.swift */,
			);
			path = Services;
			sourceTree = "<group>";
		};
		6848A38861F1A07AE1629743 /* Post */ = {
			isa = PBXGroup;
			children = (
				759C077ED260960D2113749E /* NewPostView.swift */,
			);
			path = Post;
			sourceTree = "<group>";
		};
		816996408A074CB67376E5AA /* Sensors */ = {
			isa = PBXGroup;
			children = (
				FA22DDDDDDDDDDDD00000004 /* CanopySensorReadingsView.swift */,
				C9D712060AB07E2C155FD87F /* SensorDashboardView.swift */,
				FA22EEEEEEEEEEEE00000005 /* VineyardInsightsPanel.swift */,
				FA22CCCCCCCCCCCC00000003 /* VineyardHealthMapView.swift */,
			);
			path = Sensors;
			sourceTree = "<group>";
		};
		DEMOGRP0000000000000001 /* Demo */ = {
			isa = PBXGroup;
			children = (
				FA22BBBBBBBBBBBB00000002 /* VineyardDemoData.swift */,
			);
			path = Demo;
			sourceTree = "<group>";
		};
		A1B2C3D4E5F60718293A4B5C /* Notes */ = {
			isa = PBXGroup;
			children = (
				9D2E3F405162738495A6B7C8 /* NotesView.swift */,
			);
			path = Notes;
			sourceTree = "<group>";
		};
		C6D7E8F90123456789A0B1C2 /* Settings */ = {
			isa = PBXGroup;
			children = (
				B5C6D7E8F90123456789A0B1 /* NotificationSettingsView.swift */,
			);
			path = Settings;
			sourceTree = "<group>";
		};
		92591D50B82390FA53940B77 /* Feed */ = {
			isa = PBXGroup;
			children = (
				BDC4BD82888633215B07B2A7 /* FeedView.swift */,
				6A888FAD16E4369D43BC994F /* PostDetailView.swift */,
			);
			path = Feed;
			sourceTree = "<group>";
		};
		C14A69201840CCB750FCEFD8 /* Models */ = {
			isa = PBXGroup;
			children = (
				E00A5CBC466AA00FCCA3BF50 /* DomainModels.swift */,
				FA22AAAAAAAAAAAA00000001 /* VineyardDemoModels.swift */,
			);
			path = Models;
			sourceTree = "<group>";
		};
		C8C3A3E8A037821420778A02 /* Products */ = {
			isa = PBXGroup;
			children = (
				9ED6684CEB63217A5CD70268 /* FarmConnect.app */,
			);
			name = Products;
			sourceTree = "<group>";
		};
		CC9947BCBC66B5F5AC75A246 /* App */ = {
			isa = PBXGroup;
			children = (
				291036E2F2D5AB55607DA4D6 /* FarmConnectApp.swift */,
				C1188FF971B4192ACB1F07E9 /* RootTabView.swift */,
			);
			path = App;
			sourceTree = "<group>";
		};
		D56BE55B5B683627AC772E40 /* ViewModels */ = {
			isa = PBXGroup;
			children = (
				C03385AD637416062FCF000E /* ChatViewModel.swift */,
				1DFC7619A5884F9B97D38A96 /* FeedViewModel.swift */,
				3117FAD7A857F17CAF3990DE /* SensorViewModel.swift */,
				8E5E5F5604E738CC6CB68CE7 /* SessionStore.swift */,
			);
			path = ViewModels;
			sourceTree = "<group>";
		};
		E0CB9F2344C3A33B40DA11BF /* Networking */ = {
			isa = PBXGroup;
			children = (
				FC43643482121E88359B31BF /* APIClient.swift */,
			);
			path = Networking;
			sourceTree = "<group>";
		};
/* End PBXGroup section */

/* Begin PBXNativeTarget section */
		107227AA516E709142DF81FE /* FarmConnect */ = {
			isa = PBXNativeTarget;
			buildConfigurationList = EC22B5E472C5020AA5C2C5BD /* Build configuration list for PBXNativeTarget "FarmConnect" */;
			buildPhases = (
				DAE32916F1BD55F9C1563B33 /* Sources */,
				205475FD09432ACB97C85811 /* Resources */,
			);
			buildRules = (
			);
			dependencies = (
			);
			name = FarmConnect;
			packageProductDependencies = (
			);
			productName = FarmConnect;
			productReference = 9ED6684CEB63217A5CD70268 /* FarmConnect.app */;
			productType = "com.apple.product-type.application";
		};
/* End PBXNativeTarget section */

/* Begin PBXProject section */
		3A9EEBE9AE589C085661A126 /* Project object */ = {
			isa = PBXProject;
			attributes = {
				BuildIndependentTargetsInParallel = YES;
				LastUpgradeCheck = 1430;
			};
			buildConfigurationList = B4F6FF2CA20ED34BB49173A4 /* Build configuration list for PBXProject "FarmConnect" */;
			developmentRegion = en;
			hasScannedForEncodings = 0;
			knownRegions = (
				Base,
				en,
			);
			mainGroup = 1664E1D30A49913DFDC7FE6F;
			minimizedProjectReferenceProxies = 1;
			preferredProjectObjectVersion = 77;
			productRefGroup = C8C3A3E8A037821420778A02 /* Products */;
			projectDirPath = "";
			projectRoot = "";
			targets = (
				107227AA516E709142DF81FE /* FarmConnect */,
			);
		};
/* End PBXProject section */

/* Begin PBXResourcesBuildPhase section */
		205475FD09432ACB97C85811 /* Resources */ = {
			isa = PBXResourcesBuildPhase;
			buildActionMask = 2147483647;
			files = (
				1993897545798AB42ABED4B0 /* Assets.xcassets in Resources */,
			);
			runOnlyForDeploymentPostprocessing = 0;
		};
/* End PBXResourcesBuildPhase section */

/* Begin PBXSourcesBuildPhase section */
		DAE32916F1BD55F9C1563B33 /* Sources */ = {
			isa = PBXSourcesBuildPhase;
			buildActionMask = 2147483647;
			files = (
				BE32AE3EA30923DF043F2EEA /* APIClient.swift in Sources */,
				62856BA206121F8A9264F0F0 /* ChatThreadView.swift in Sources */,
				3E8FA09A79296FD488D8E734 /* ChatView.swift in Sources */,
				5B38E3429F9B0CCA32DE4951 /* ChatViewModel.swift in Sources */,
				E1C00A9B32119819F938D53F /* DomainModels.swift in Sources */,
				3D4E5F60718293A4B5C6D7E8 /* AccountMenuButton.swift in Sources */,
				D4C2F86EAFEAA05A8E43F9DA /* FarmConnectApp.swift in Sources */,
				AD9ED162E1F7F21D544513CD /* FeedView.swift in Sources */,
				1C8A75560FA5724D4B2FDADE /* FeedViewModel.swift in Sources */,
				3B9D9C98E3F91104D65A890D /* LoginView.swift in Sources */,
				106FF522EFC1F38FC8EFBE4E /* MapFeedView.swift in Sources */,
				8C1A2B3C4D5E6F708192A3B4 /* NotesView.swift in Sources */,
				3CBA481DE1662E4CA5E46E5C /* NewPostView.swift in Sources */,
				A4B1C2D3E4F506172839405A /* NotificationSettingsView.swift in Sources */,
				B830E3AB16B56BE3721B5DE0 /* PostDetailView.swift in Sources */,
				6F4FD44C09E5EC7F711EB1F9 /* PushNotificationManager.swift in Sources */,
				EF834883A902B1EC0A89FABC /* RootTabView.swift in Sources */,
				739D028B6F301E0299BADBED /* SensorDashboardView.swift in Sources */,
				E7292CC73D449EC8B24621AA /* SensorViewModel.swift in Sources */,
				42DD87C45272A5156B3AB1AD /* SessionStore.swift in Sources */,
				3A5FAD475A52D8BC8A86FD67 /* UserLocationManager.swift in Sources */,
				BB11AAAAAAAAAAAA00000001 /* CategoryStyle.swift in Sources */,
				BB11BBBBBBBBBBBB00000002 /* ErrorHelpers.swift in Sources */,
				BB11CCCCCCCCCCCC00000003 /* PostCardRow.swift in Sources */,
				BB11DDDDDDDDDDDD00000004 /* TimeFormatting.swift in Sources */,
				DD11AAAAAAAAAAAA00000001 /* VineyardDemoModels.swift in Sources */,
				DD11BBBBBBBBBBBB00000002 /* VineyardDemoData.swift in Sources */,
				DD11CCCCCCCCCCCC00000003 /* VineyardHealthMapView.swift in Sources */,
				DD11DDDDDDDDDDDD00000004 /* CanopySensorReadingsView.swift in Sources */,
				DD11EEEEEEEEEEEE00000005 /* VineyardInsightsPanel.swift in Sources */,
			);
			runOnlyForDeploymentPostprocessing = 0;
		};
/* End PBXSourcesBuildPhase section */

/* Begin XCBuildConfiguration section */
		13203F201E2940931BE1267C /* Release */ = {
			isa = XCBuildConfiguration;
			buildSettings = {
				ASSETCATALOG_COMPILER_APPICON_NAME = AppIcon;
				ASSETCATALOG_COMPILER_INCLUDE_ALL_APPICON_ASSETS = YES;
				CODE_SIGN_ENTITLEMENTS = FarmConnect/FarmConnect.entitlements;
				CODE_SIGN_IDENTITY = "iPhone Developer";
				CURRENT_PROJECT_VERSION = 13;
				DEVELOPMENT_TEAM = NLMFF528Q4;
				GENERATE_INFOPLIST_FILE = YES;
				INFOPLIST_FILE = FarmConnect/Info.plist;
				INFOPLIST_KEY_CFBundleDisplayName = "Persephone's Basket";
				INFOPLIST_KEY_NSLocationWhenInUseUsageDescription = "We use location to show local farm posts on the map.";
				INFOPLIST_KEY_NSCameraUsageDescription = "We use the camera so you can take and upload photos for posts.";
				INFOPLIST_KEY_NSPhotoLibraryAddUsageDescription = "We may save generated media to your photo library.";
				INFOPLIST_KEY_NSPhotoLibraryUsageDescription = "We use photos to upload images in posts.";
				INFOPLIST_KEY_UIApplicationSceneManifest_Generation = YES;
				INFOPLIST_KEY_UIBackgroundModes = "remote-notification";
				INFOPLIST_KEY_UILaunchScreen_Generation = YES;
				INFOPLIST_KEY_UISupportedInterfaceOrientations = "UIInterfaceOrientationLandscapeLeft UIInterfaceOrientationLandscapeRight UIInterfaceOrientationPortrait";
				INFOPLIST_KEY_UISupportedInterfaceOrientations_iPad = "UIInterfaceOrientationLandscapeLeft UIInterfaceOrientationLandscapeRight UIInterfaceOrientationPortrait UIInterfaceOrientationPortraitUpsideDown";
				IPHONEOS_DEPLOYMENT_TARGET = 17.0;
				LD_RUNPATH_SEARCH_PATHS = (
					"$(inherited)",
					"@executable_path/Frameworks",
				);
				MARKETING_VERSION = 1.0.0;
				PRODUCT_BUNDLE_IDENTIFIER = com.persephonesbasket.farmconnect;
				PRODUCT_NAME = FarmConnect;
				SDKROOT = iphoneos;
				SWIFT_VERSION = 5.9;
				TARGETED_DEVICE_FAMILY = "1,2";
			};
			name = Release;
		};
		19F10EB0B419BC6BC127C50F /* Debug */ = {
			isa = XCBuildConfiguration;
			buildSettings = {
				ALWAYS_SEARCH_USER_PATHS = NO;
				CLANG_ANALYZER_NONNULL = YES;
				CLANG_ANALYZER_NUMBER_OBJECT_CONVERSION = YES_AGGRESSIVE;
				CLANG_CXX_LANGUAGE_STANDARD = "gnu++14";
				CLANG_CXX_LIBRARY = "libc++";
				CLANG_ENABLE_MODULES = YES;
				CLANG_ENABLE_OBJC_ARC = YES;
				CLANG_ENABLE_OBJC_WEAK = YES;
				CLANG_WARN_BLOCK_CAPTURE_AUTORELEASING = YES;
				CLANG_WARN_BOOL_CONVERSION = YES;
				CLANG_WARN_COMMA = YES;
				CLANG_WARN_CONSTANT_CONVERSION = YES;
				CLANG_WARN_DEPRECATED_OBJC_IMPLEMENTATIONS = YES;
				CLANG_WARN_DIRECT_OBJC_ISA_USAGE = YES_ERROR;
				CLANG_WARN_DOCUMENTATION_COMMENTS = YES;
				CLANG_WARN_EMPTY_BODY = YES;
				CLANG_WARN_ENUM_CONVERSION = YES;
				CLANG_WARN_INFINITE_RECURSION = YES;
				CLANG_WARN_INT_CONVERSION = YES;
				CLANG_WARN_NON_LITERAL_NULL_CONVERSION = YES;
				CLANG_WARN_OBJC_IMPLICIT_RETAIN_SELF = YES;
				CLANG_WARN_OBJC_LITERAL_CONVERSION = YES;
				CLANG_WARN_OBJC_ROOT_CLASS = YES_ERROR;
				CLANG_WARN_QUOTED_INCLUDE_IN_FRAMEWORK_HEADER = YES;
				CLANG_WARN_RANGE_LOOP_ANALYSIS = YES;
				CLANG_WARN_STRICT_PROTOTYPES = YES;
				CLANG_WARN_SUSPICIOUS_MOVE = YES;
				CLANG_WARN_UNGUARDED_AVAILABILITY = YES_AGGRESSIVE;
				CLANG_WARN_UNREACHABLE_CODE = YES;
				CLANG_WARN__DUPLICATE_METHOD_MATCH = YES;
				COPY_PHASE_STRIP = NO;
				DEBUG_INFORMATION_FORMAT = dwarf;
				ENABLE_STRICT_OBJC_MSGSEND = YES;
				ENABLE_TESTABILITY = YES;
				GCC_C_LANGUAGE_STANDARD = gnu11;
				GCC_DYNAMIC_NO_PIC = NO;
				GCC_NO_COMMON_BLOCKS = YES;
				GCC_OPTIMIZATION_LEVEL = 0;
				GCC_PREPROCESSOR_DEFINITIONS = (
					"$(inherited)",
					"DEBUG=1",
				);
				GCC_WARN_64_TO_32_BIT_CONVERSION = YES;
				GCC_WARN_ABOUT_RETURN_TYPE = YES_ERROR;
				GCC_WARN_UNDECLARED_SELECTOR = YES;
				GCC_WARN_UNINITIALIZED_AUTOS = YES_AGGRESSIVE;
				GCC_WARN_UNUSED_FUNCTION = YES;
				GCC_WARN_UNUSED_VARIABLE = YES;
				MTL_ENABLE_DEBUG_INFO = INCLUDE_SOURCE;
				MTL_FAST_MATH = YES;
				ONLY_ACTIVE_ARCH = YES;
				PRODUCT_NAME = "$(TARGET_NAME)";
				SDKROOT = iphoneos;
				SWIFT_ACTIVE_COMPILATION_CONDITIONS = DEBUG;
				SWIFT_OPTIMIZATION_LEVEL = "-Onone";
				SWIFT_VERSION = 5.0;
			};
			name = Debug;
		};
		595A6A1F7961D509CA5BD1CC /* Release */ = {
			isa = XCBuildConfiguration;
			buildSettings = {
				ALWAYS_SEARCH_USER_PATHS = NO;
				CLANG_ANALYZER_NONNULL = YES;
				CLANG_ANALYZER_NUMBER_OBJECT_CONVERSION = YES_AGGRESSIVE;
				CLANG_CXX_LANGUAGE_STANDARD = "gnu++14";
				CLANG_CXX_LIBRARY = "libc++";
				CLANG_ENABLE_MODULES = YES;
				CLANG_ENABLE_OBJC_ARC = YES;
				CLANG_ENABLE_OBJC_WEAK = YES;
				CLANG_WARN_BLOCK_CAPTURE_AUTORELEASING = YES;
				CLANG_WARN_BOOL_CONVERSION = YES;
				CLANG_WARN_COMMA = YES;
				CLANG_WARN_CONSTANT_CONVERSION = YES;
				CLANG_WARN_DEPRECATED_OBJC_IMPLEMENTATIONS = YES;
				CLANG_WARN_DIRECT_OBJC_ISA_USAGE = YES_ERROR;
				CLANG_WARN_DOCUMENTATION_COMMENTS = YES;
				CLANG_WARN_EMPTY_BODY = YES;
				CLANG_WARN_ENUM_CONVERSION = YES;
				CLANG_WARN_INFINITE_RECURSION = YES;
				CLANG_WARN_INT_CONVERSION = YES;
				CLANG_WARN_NON_LITERAL_NULL_CONVERSION = YES;
				CLANG_WARN_OBJC_IMPLICIT_RETAIN_SELF = YES;
				CLANG_WARN_OBJC_LITERAL_CONVERSION = YES;
				CLANG_WARN_OBJC_ROOT_CLASS = YES_ERROR;
				CLANG_WARN_QUOTED_INCLUDE_IN_FRAMEWORK_HEADER = YES;
				CLANG_WARN_RANGE_LOOP_ANALYSIS = YES;
				CLANG_WARN_STRICT_PROTOTYPES = YES;
				CLANG_WARN_SUSPICIOUS_MOVE = YES;
				CLANG_WARN_UNGUARDED_AVAILABILITY = YES_AGGRESSIVE;
				CLANG_WARN_UNREACHABLE_CODE = YES;
				CLANG_WARN__DUPLICATE_METHOD_MATCH = YES;
				COPY_PHASE_STRIP = NO;
				DEBUG_INFORMATION_FORMAT = "dwarf-with-dsym";
				ENABLE_NS_ASSERTIONS = NO;
				ENABLE_STRICT_OBJC_MSGSEND = YES;
				GCC_C_LANGUAGE_STANDARD = gnu11;
				GCC_NO_COMMON_BLOCKS = YES;
				GCC_WARN_64_TO_32_BIT_CONVERSION = YES;
				GCC_WARN_ABOUT_RETURN_TYPE = YES_ERROR;
				GCC_WARN_UNDECLARED_SELECTOR = YES;
				GCC_WARN_UNINITIALIZED_AUTOS = YES_AGGRESSIVE;
				GCC_WARN_UNUSED_FUNCTION = YES;
				GCC_WARN_UNUSED_VARIABLE = YES;
				MTL_ENABLE_DEBUG_INFO = NO;
				MTL_FAST_MATH = YES;
				PRODUCT_NAME = "$(TARGET_NAME)";
				SDKROOT = iphoneos;
				SWIFT_COMPILATION_MODE = wholemodule;
				SWIFT_OPTIMIZATION_LEVEL = "-O";
				SWIFT_VERSION = 5.0;
			};
			name = Release;
		};
		A82485FB6EE68E159B9E2C95 /* Debug */ = {
			isa = XCBuildConfiguration;
			buildSettings = {
				ASSETCATALOG_COMPILER_APPICON_NAME = AppIcon;
				ASSETCATALOG_COMPILER_INCLUDE_ALL_APPICON_ASSETS = YES;
				CODE_SIGN_ENTITLEMENTS = FarmConnect/FarmConnect.entitlements;
				CODE_SIGN_IDENTITY = "iPhone Developer";
				CURRENT_PROJECT_VERSION = 13;
				DEVELOPMENT_TEAM = NLMFF528Q4;
				GENERATE_INFOPLIST_FILE = YES;
				INFOPLIST_FILE = FarmConnect/Info.plist;
				INFOPLIST_KEY_CFBundleDisplayName = "Persephone's Basket";
				INFOPLIST_KEY_NSLocationWhenInUseUsageDescription = "We use location to show local farm posts on the map.";
				INFOPLIST_KEY_NSCameraUsageDescription = "We use the camera so you can take and upload photos for posts.";
				INFOPLIST_KEY_NSPhotoLibraryAddUsageDescription = "We may save generated media to your photo library.";
				INFOPLIST_KEY_NSPhotoLibraryUsageDescription = "We use photos to upload images in posts.";
				INFOPLIST_KEY_UIApplicationSceneManifest_Generation = YES;
				INFOPLIST_KEY_UIBackgroundModes = "remote-notification";
				INFOPLIST_KEY_UILaunchScreen_Generation = YES;
				INFOPLIST_KEY_UISupportedInterfaceOrientations = "UIInterfaceOrientationLandscapeLeft UIInterfaceOrientationLandscapeRight UIInterfaceOrientationPortrait";
				INFOPLIST_KEY_UISupportedInterfaceOrientations_iPad = "UIInterfaceOrientationLandscapeLeft UIInterfaceOrientationLandscapeRight UIInterfaceOrientationPortrait UIInterfaceOrientationPortraitUpsideDown";
				IPHONEOS_DEPLOYMENT_TARGET = 17.0;
				LD_RUNPATH_SEARCH_PATHS = (
					"$(inherited)",
					"@executable_path/Frameworks",
				);
				MARKETING_VERSION = 1.0.0;
				PRODUCT_BUNDLE_IDENTIFIER = com.persephonesbasket.farmconnect;
				PRODUCT_NAME = FarmConnect;
				SDKROOT = iphoneos;
				SWIFT_VERSION = 5.9;
				TARGETED_DEVICE_FAMILY = "1,2";
			};
			name = Debug;
		};
/* End XCBuildConfiguration section */

/* Begin XCConfigurationList section */
		B4F6FF2CA20ED34BB49173A4 /* Build configuration list for PBXProject "FarmConnect" */ = {
			isa = XCConfigurationList;
			buildConfigurations = (
				19F10EB0B419BC6BC127C50F /* Debug */,
				595A6A1F7961D509CA5BD1CC /* Release */,
			);
			defaultConfigurationIsVisible = 0;
			defaultConfigurationName = Debug;
		};
		EC22B5E472C5020AA5C2C5BD /* Build configuration list for PBXNativeTarget "FarmConnect" */ = {
			isa = XCConfigurationList;
			buildConfigurations = (
				A82485FB6EE68E159B9E2C95 /* Debug */,
				13203F201E2940931BE1267C /* Release */,
			);
			defaultConfigurationIsVisible = 0;
			defaultConfigurationName = Debug;
		};
/* End XCConfigurationList section */
	};
	rootObject = 3A9EEBE9AE589C085661A126 /* Project object */;
}
